version: "2.0"
name: collision_temporary_block
description: >
  collision_monitor (PolygonStop/PolygonApproach) が至近距離の障害物で停止し、障害物が
  movement_time_allowance (nav2_params.yaml の progress_checker、現在 5.0 秒) 以内に
  解消すれば、バックアップ等のリカバリーを行わずに走行を再開できることを確認する。
profile: mg01
world: warehouse
tags: [collision, smoke]

# 判定について: 現時点では「規定時間内に waypoint を通過できたか」のみを自動判定する。
# collision_monitor が作動したか・BackUp が発火しなかったかは monitors (P4 で追加予定) で
# 自動判定する。それまでは `ros2 topic echo /collision_monitor_state` 等で目視確認すること。

obstacles:
  person_blocking:
    model: { type: fuel, uri: "OpenRobotics/models/MaleVisitorOnPhone" }

setup:
  - respawn: { pose: { x: 0.0, y: 0.0, yaw: 0.0 }, settle_sec: 3.0 }

run:
  mg_sequencer:
    start_index: 0

timeline:
  # 走行開始 5 秒後、ロボット直前 (footprint 前端からおよそ 0.5m 以内) に障害物を出現させ、
  # movement_time_allowance より短い 3 秒で退避させる
  - name: temporary_block
    when: { goal_started: { index: 0 } }
    do:
      - delay: { sec: 5.0 }
      - spawn: { obstacle: person_blocking, pose: { frame: robot, x: 0.5, yaw: 3.14 } }
      - delay: { sec: 3.0 }
      - despawn: { obstacle: person_blocking }
